
Microsoft Visual Studio Solution File, Format Version 12.00
# Visual Studio Version 17
VisualStudioVersion = 17.11.35222.181
MinimumVisualStudioVersion = 10.0.40219.1
Project("{FAE04EC0-301F-11D3-BF4B-00C04F79EFBC}") = "Volans_gui", "Volans_gui\Volans_gui.csproj", "{185F3FFE-6FB6-45E6-B2C3-0488DEA4B67C}"
EndProject
Global
	GlobalSection(SolutionConfigurationPlatforms) = preSolution
		Debug|Any CPU = Debug|Any CPU
		Release|Any CPU = Release|Any CPU
	EndGlobalSection
	GlobalSection(ProjectConfigurationPlatforms) = postSolution
		{185F3FFE-6FB6-45E6-B2C3-0488DEA4B67C}.Debug|Any CPU.ActiveCfg = Debug|Any CPU
		{185F3FFE-6FB6-45E6-B2C3-0488DEA4B67C}.Debug|Any CPU.Build.0 = Debug|Any CPU
		{185F3FFE-6FB6-45E6-B2C3-0488DEA4B67C}.Release|Any CPU.ActiveCfg = Release|Any CPU
		{185F3FFE-6FB6-45E6-B2C3-0488DEA4B67C}.Release|Any CPU.Build.0 = Release|Any CPU
	EndGlobalSection
	GlobalSection(SolutionProperties) = preSolution
		HideSolutionNode = FALSE
	EndGlobalSection
	GlobalSection(ExtensibilityGlobals) = postSolution
		SolutionGuid = {0C858736-9274-429E-8041-93DB1E0E12A9}
	EndGlobalSection
EndGlobal
